
Microsoft Visual Studio Solution File, Format Version 12.00
# Visual Studio Version 17
VisualStudioVersion = 17.11.35327.3
MinimumVisualStudioVersion = 10.0.40219.1
Project("{FAE04EC0-301F-11D3-BF4B-00C04F79EFBC}") = "webhook", "webhook.csproj", "{A69B06DA-2B77-4214-867F-13F2676EA890}"
EndProject
Global
	GlobalSection(SolutionConfigurationPlatforms) = preSolution
		Debug|Any CPU = Debug|Any CPU
		Release|Any CPU = Release|Any CPU
	EndGlobalSection
	GlobalSection(ProjectConfigurationPlatforms) = postSolution
		{A69B06DA-2B77-4214-867F-13F2676EA890}.Debug|Any CPU.ActiveCfg = Debug|Any CPU
		{A69B06DA-2B77-4214-867F-13F2676EA890}.Debug|Any CPU.Build.0 = Debug|Any CPU
		{A69B06DA-2B77-4214-867F-13F2676EA890}.Release|Any CPU.ActiveCfg = Release|Any CPU
		{A69B06DA-2B77-4214-867F-13F2676EA890}.Release|Any CPU.Build.0 = Release|Any CPU
	EndGlobalSection
	GlobalSection(SolutionProperties) = preSolution
		HideSolutionNode = FALSE
	EndGlobalSection
	GlobalSection(ExtensibilityGlobals) = postSolution
		SolutionGuid = {CA32D590-43AB-4160-AEA2-ABA742E9FA45}
	EndGlobalSection
EndGlobal
